<?xml version="1.0" encoding="utf-8"?>
<Project ToolsVersion="4.0" xmlns="http://schemas.microsoft.com/developer/msbuild/2003">
  <ItemGroup>
    <Filter Include="Source Files">
      <UniqueIdentifier>{4FC737F1-C7A5-4376-A066-2A32D752A2FF}</UniqueIdentifier>
      <Extensions>cpp;c;cc;cxx;def;odl;idl;hpj;bat;asm;asmx</Extensions>
    </Filter>
    <Filter Include="Header Files">
      <UniqueIdentifier>{93995380-89BD-4b04-88EB-625FBE52EBFB}</UniqueIdentifier>
      <Extensions>h;hh;hpp;hxx;hm;inl;inc;xsd</Extensions>
    </Filter>
    <Filter Include="Resource Files">
      <UniqueIdentifier>{67DA6AB6-F800-4c08-8B7A-83BB121AAD01}</UniqueIdentifier>
      <Extensions>rc;ico;cur;bmp;dlg;rc2;rct;bin;rgs;gif;jpg;jpeg;jpe;resx;tiff;tif;png;wav;mfcribbon-ms</Extensions>
    </Filter>
    <Filter Include="Thirdparty">
      <UniqueIdentifier>{d2214ca3-a7fb-4cda-a8ac-dc84d09e38d8}</UniqueIdentifier>
    </Filter>
    <Filter Include="Thirdparty\imgui">
      <UniqueIdentifier>{2d9730f7-2425-47df-969d-19c603b77215}</UniqueIdentifier>
    </Filter>
  </ItemGroup>
  <ItemGroup>
    <ClCompile Include="src\main.cpp">
      <Filter>Source Files</Filter>
    </ClCompile>
    <ClCompile Include="src\utils.cpp">
      <Filter>Source Files</Filter>
    </ClCompile>
    <ClCompile Include="src\d3d12descriptorheap.cpp">
      <Filter>Source Files</Filter>
    </ClCompile>
    <ClCompile Include="src\scene.cpp">
      <Filter>Source Files</Filter>
    </ClCompile>
    <ClCompile Include="src\d3d12swapchain.cpp">
      <Filter>Source Files</Filter>
    </ClCompile>
    <ClCompile Include="src\d3d12gpu.cpp">
      <Filter>Source Files</Filter>
    </ClCompile>
    <ClCompile Include="src\d3d12committedbuffer.cpp">
      <Filter>Source Files</Filter>
    </ClCompile>
    <ClCompile Include="src\d3d12backendrender.cpp">
      <Filter>Source Files</Filter>
    </ClCompile>
    <ClCompile Include="src\meshgenerator.cpp">
      <Filter>Source Files</Filter>
    </ClCompile>
    <ClCompile Include="src\d3d12material.cpp">
      <Filter>Source Files</Filter>
    </ClCompile>
    <ClCompile Include="thirdparty\imgui\imgui.cpp">
      <Filter>Thirdparty\imgui</Filter>
    </ClCompile>
    <ClCompile Include="thirdparty\imgui\imgui_demo.cpp">
      <Filter>Thirdparty\imgui</Filter>
    </ClCompile>
    <ClCompile Include="thirdparty\imgui\imgui_draw.cpp">
      <Filter>Thirdparty\imgui</Filter>
    </ClCompile>
    <ClCompile Include="src\d3d12utils.cpp">
      <Filter>Source Files</Filter>
    </ClCompile>
  </ItemGroup>
  <ItemGroup>
    <ClInclude Include="src\d3d12basicsfwd.h">
      <Filter>Header Files</Filter>
    </ClInclude>
    <ClInclude Include="src\d3d12descriptorheap.h">
      <Filter>Header Files</Filter>
    </ClInclude>
    <ClInclude Include="src\d3d12fwd.h">
      <Filter>Header Files</Filter>
    </ClInclude>
    <ClInclude Include="src\d3d12gpu.h">
      <Filter>Header Files</Filter>
    </ClInclude>
    <ClInclude Include="src\d3d12swapchain.h">
      <Filter>Header Files</Filter>
    </ClInclude>
    <ClInclude Include="src\scene.h">
      <Filter>Header Files</Filter>
    </ClInclude>
    <ClInclude Include="src\utils.h">
      <Filter>Header Files</Filter>
    </ClInclude>
    <ClInclude Include="src\d3d12committedbuffer.h">
      <Filter>Header Files</Filter>
    </ClInclude>
    <ClInclude Include="src\d3d12backendrender.h">
      <Filter>Header Files</Filter>
    </ClInclude>
    <ClInclude Include="src\meshgenerator.h">
      <Filter>Header Files</Filter>
    </ClInclude>
    <ClInclude Include="src\d3d12material.h">
      <Filter>Header Files</Filter>
    </ClInclude>
    <ClInclude Include="thirdparty\imgui\imconfig.h">
      <Filter>Thirdparty\imgui</Filter>
    </ClInclude>
    <ClInclude Include="thirdparty\imgui\imgui.h">
      <Filter>Thirdparty\imgui</Filter>
    </ClInclude>
    <ClInclude Include="thirdparty\imgui\imgui_internal.h">
      <Filter>Thirdparty\imgui</Filter>
    </ClInclude>
    <ClInclude Include="src\d3d12utils.h">
      <Filter>Header Files</Filter>
    </ClInclude>
  </ItemGroup>
</Project>