<?xml version="1.0" encoding="utf-8"?>
<Project ToolsVersion="4.0" xmlns="http://schemas.microsoft.com/developer/msbuild/2003">
  <ItemGroup>
    <Filter Include="Source Files">
      <UniqueIdentifier>{4FC737F1-C7A5-4376-A066-2A32D752A2FF}</UniqueIdentifier>
      <Extensions>cpp;c;cc;cxx;def;odl;idl;hpj;bat;asm;asmx</Extensions>
    </Filter>
    <Filter Include="Header Files">
      <UniqueIdentifier>{93995380-89BD-4b04-88EB-625FBE52EBFB}</UniqueIdentifier>
      <Extensions>h;hh;hpp;hxx;hm;inl;inc;xsd</Extensions>
    </Filter>
    <Filter Include="Resource Files">
      <UniqueIdentifier>{67DA6AB6-F800-4c08-8B7A-83BB121AAD01}</UniqueIdentifier>
      <Extensions>rc;ico;cur;bmp;dlg;rc2;rct;bin;rgs;gif;jpg;jpeg;jpe;resx;tiff;tif;png;wav;mfcribbon-ms</Extensions>
    </Filter>
    <Filter Include="ThirdParty">
      <UniqueIdentifier>{e98b8273-4453-45ae-b3e5-2f2b646f4f12}</UniqueIdentifier>
    </Filter>
    <Filter Include="ThirdParty\stb">
      <UniqueIdentifier>{071d8a88-5d15-4e2d-a36a-f4ca85f2ac55}</UniqueIdentifier>
    </Filter>
    <Filter Include="ThirdParty\DirectxMath">
      <UniqueIdentifier>{219f5618-368b-41e4-8ebe-e07f1790afa0}</UniqueIdentifier>
    </Filter>
    <Filter Include="ThirdParty\DirectxTK12">
      <UniqueIdentifier>{5b0ac1a1-1aa4-408c-ada9-c07c924d7371}</UniqueIdentifier>
    </Filter>
  </ItemGroup>
  <ItemGroup>
    <ClCompile Include="src\d3d12gpus.cpp">
      <Filter>Source Files</Filter>
    </ClCompile>
    <ClCompile Include="src\main.cpp">
      <Filter>Source Files</Filter>
    </ClCompile>
    <ClCompile Include="src\utils.cpp">
      <Filter>Source Files</Filter>
    </ClCompile>
    <ClCompile Include="src\d3d12simplematerial.cpp">
      <Filter>Source Files</Filter>
    </ClCompile>
    <ClCompile Include="src\d3d12resources.cpp">
      <Filter>Source Files</Filter>
    </ClCompile>
    <ClCompile Include="src\d3d12descriptorheap.cpp">
      <Filter>Source Files</Filter>
    </ClCompile>
    <ClCompile Include="thirdparty\directxtk12\Src\SimpleMath.cpp">
      <Filter>ThirdParty\DirectxTK12</Filter>
    </ClCompile>
    <ClCompile Include="src\scene.cpp">
      <Filter>Source Files</Filter>
    </ClCompile>
  </ItemGroup>
  <ItemGroup>
    <ClInclude Include="src\d3d12gpus.h">
      <Filter>Header Files</Filter>
    </ClInclude>
    <ClInclude Include="src\utils.h">
      <Filter>Header Files</Filter>
    </ClInclude>
    <ClInclude Include="src\d3d12simplematerial.h">
      <Filter>Header Files</Filter>
    </ClInclude>
    <ClInclude Include="src\d3d12fwd.h">
      <Filter>Header Files</Filter>
    </ClInclude>
    <ClInclude Include="src\d3d12basicsfwd.h">
      <Filter>Header Files</Filter>
    </ClInclude>
    <ClInclude Include="src\d3d12resources.h">
      <Filter>Header Files</Filter>
    </ClInclude>
    <ClInclude Include="thirdparty\stb\stb_image.h">
      <Filter>ThirdParty\stb</Filter>
    </ClInclude>
    <ClInclude Include="thirdparty\directxmath\Inc\DirectXCollision.h">
      <Filter>ThirdParty\DirectxMath</Filter>
    </ClInclude>
    <ClInclude Include="thirdparty\directxmath\Inc\DirectXColors.h">
      <Filter>ThirdParty\DirectxMath</Filter>
    </ClInclude>
    <ClInclude Include="thirdparty\directxmath\Inc\DirectXMath.h">
      <Filter>ThirdParty\DirectxMath</Filter>
    </ClInclude>
    <ClInclude Include="thirdparty\directxmath\Inc\DirectXPackedVector.h">
      <Filter>ThirdParty\DirectxMath</Filter>
    </ClInclude>
    <ClInclude Include="src\d3d12descriptorheap.h">
      <Filter>Header Files</Filter>
    </ClInclude>
    <ClInclude Include="thirdparty\directxtk12\Inc\SimpleMath.h">
      <Filter>ThirdParty\DirectxTK12</Filter>
    </ClInclude>
    <ClInclude Include="src\scene.h">
      <Filter>Header Files</Filter>
    </ClInclude>
  </ItemGroup>
  <ItemGroup>
    <None Include="thirdparty\directxmath\Inc\DirectXCollision.inl">
      <Filter>ThirdParty\DirectxMath</Filter>
    </None>
    <None Include="thirdparty\directxmath\Inc\DirectXMathConvert.inl">
      <Filter>ThirdParty\DirectxMath</Filter>
    </None>
    <None Include="thirdparty\directxmath\Inc\DirectXMathMatrix.inl">
      <Filter>ThirdParty\DirectxMath</Filter>
    </None>
    <None Include="thirdparty\directxmath\Inc\DirectXMathMisc.inl">
      <Filter>ThirdParty\DirectxMath</Filter>
    </None>
    <None Include="thirdparty\directxmath\Inc\DirectXMathVector.inl">
      <Filter>ThirdParty\DirectxMath</Filter>
    </None>
    <None Include="thirdparty\directxmath\Inc\DirectXPackedVector.inl">
      <Filter>ThirdParty\DirectxMath</Filter>
    </None>
    <None Include="packages.config" />
    <None Include="thirdparty\directxtk12\Inc\SimpleMath.inl">
      <Filter>ThirdParty\DirectxTK12</Filter>
    </None>
    <None Include="thirdparty\directxtk12\Src\TeapotData.inc">
      <Filter>ThirdParty\DirectxTK12</Filter>
    </None>
  </ItemGroup>
</Project>