<?xml version="1.0" encoding="utf-8"?>
<Project ToolsVersion="4.0" xmlns="http://schemas.microsoft.com/developer/msbuild/2003">
  <ItemGroup>
    <Filter Include="Thirdparty">
      <UniqueIdentifier>{d2214ca3-a7fb-4cda-a8ac-dc84d09e38d8}</UniqueIdentifier>
    </Filter>
    <Filter Include="Thirdparty\imgui">
      <UniqueIdentifier>{2d9730f7-2425-47df-969d-19c603b77215}</UniqueIdentifier>
    </Filter>
    <Filter Include="BasicsEngine">
      <UniqueIdentifier>{e0fbb2fa-9a4d-4c3d-bfb2-596284095085}</UniqueIdentifier>
    </Filter>
    <Filter Include="D3D12Gpu">
      <UniqueIdentifier>{3132ebc2-52d6-49ab-a4bc-13ce432cd10c}</UniqueIdentifier>
    </Filter>
    <Filter Include="D3D12Gpu\headers">
      <UniqueIdentifier>{e307bd54-3631-4188-85fe-7b5873bc9a48}</UniqueIdentifier>
    </Filter>
    <Filter Include="D3D12Gpu\src">
      <UniqueIdentifier>{7ac5b140-8f8f-43d3-a61f-3c3f3b70c11f}</UniqueIdentifier>
    </Filter>
    <Filter Include="BasicsEngine\headers">
      <UniqueIdentifier>{fb26a236-4f6b-4bc4-ae4e-fdf9e1c7353a}</UniqueIdentifier>
    </Filter>
    <Filter Include="BasicsEngine\src">
      <UniqueIdentifier>{d0042835-8a9a-47ae-8012-f24204ace63b}</UniqueIdentifier>
    </Filter>
    <Filter Include="Thirdparty\enkiTS">
      <UniqueIdentifier>{a5238ee5-5c11-4202-b3bf-9d6704206465}</UniqueIdentifier>
    </Filter>
    <Filter Include="Thirdparty\enkiTS\src">
      <UniqueIdentifier>{1cb7099e-213f-495f-8b1f-84125be2cbf8}</UniqueIdentifier>
    </Filter>
    <Filter Include="Thirdparty\enkiTS\examples">
      <UniqueIdentifier>{74530ebd-ff32-4905-b1ee-a1bca9b425e6}</UniqueIdentifier>
    </Filter>
  </ItemGroup>
  <ItemGroup>
    <ClCompile Include="thirdparty\imgui\imgui.cpp">
      <Filter>Thirdparty\imgui</Filter>
    </ClCompile>
    <ClCompile Include="thirdparty\imgui\imgui_demo.cpp">
      <Filter>Thirdparty\imgui</Filter>
    </ClCompile>
    <ClCompile Include="thirdparty\imgui\imgui_draw.cpp">
      <Filter>Thirdparty\imgui</Filter>
    </ClCompile>
    <ClCompile Include="src\d3d12descriptorheap.cpp">
      <Filter>D3D12Gpu\src</Filter>
    </ClCompile>
    <ClCompile Include="src\d3d12gpu.cpp">
      <Filter>D3D12Gpu\src</Filter>
    </ClCompile>
    <ClCompile Include="src\d3d12gpu_sync.cpp">
      <Filter>D3D12Gpu\src</Filter>
    </ClCompile>
    <ClCompile Include="src\d3d12swapchain.cpp">
      <Filter>D3D12Gpu\src</Filter>
    </ClCompile>
    <ClCompile Include="src\d3d12imgui.cpp">
      <Filter>BasicsEngine\src</Filter>
    </ClCompile>
    <ClCompile Include="src\d3d12scenerender.cpp">
      <Filter>BasicsEngine\src</Filter>
    </ClCompile>
    <ClCompile Include="src\d3d12utils.cpp">
      <Filter>BasicsEngine\src</Filter>
    </ClCompile>
    <ClCompile Include="src\meshgenerator.cpp">
      <Filter>BasicsEngine\src</Filter>
    </ClCompile>
    <ClCompile Include="src\scene.cpp">
      <Filter>BasicsEngine\src</Filter>
    </ClCompile>
    <ClCompile Include="src\utils.cpp">
      <Filter>BasicsEngine\src</Filter>
    </ClCompile>
    <ClCompile Include="src\d3d12basicsengine.cpp">
      <Filter>BasicsEngine\src</Filter>
    </ClCompile>
    <ClCompile Include="src\main.cpp" />
    <ClCompile Include="src\filemonitor.cpp">
      <Filter>BasicsEngine\src</Filter>
    </ClCompile>
    <ClCompile Include="src\d3d12pipelinestate.cpp">
      <Filter>D3D12Gpu\src</Filter>
    </ClCompile>
    <ClCompile Include="src\d3d12committedresources.cpp">
      <Filter>D3D12Gpu\src</Filter>
    </ClCompile>
    <ClCompile Include="thirdparty\enkiTS\src\TaskScheduler.cpp">
      <Filter>Thirdparty\enkiTS\src</Filter>
    </ClCompile>
    <ClCompile Include="thirdparty\enkiTS\example\LambdaTask.cpp">
      <Filter>Thirdparty\enkiTS\examples</Filter>
    </ClCompile>
    <ClCompile Include="thirdparty\enkiTS\example\ParallelSum.cpp">
      <Filter>Thirdparty\enkiTS\examples</Filter>
    </ClCompile>
    <ClCompile Include="thirdparty\enkiTS\example\PinnedTask.cpp">
      <Filter>Thirdparty\enkiTS\examples</Filter>
    </ClCompile>
    <ClCompile Include="thirdparty\enkiTS\example\TaskOverhead.cpp">
      <Filter>Thirdparty\enkiTS\examples</Filter>
    </ClCompile>
    <ClCompile Include="thirdparty\enkiTS\example\TaskThroughput.cpp">
      <Filter>Thirdparty\enkiTS\examples</Filter>
    </ClCompile>
  </ItemGroup>
  <ItemGroup>
    <ClInclude Include="thirdparty\imgui\imconfig.h">
      <Filter>Thirdparty\imgui</Filter>
    </ClInclude>
    <ClInclude Include="thirdparty\imgui\imgui.h">
      <Filter>Thirdparty\imgui</Filter>
    </ClInclude>
    <ClInclude Include="thirdparty\imgui\imgui_internal.h">
      <Filter>Thirdparty\imgui</Filter>
    </ClInclude>
    <ClInclude Include="src\d3d12fwd.h">
      <Filter>D3D12Gpu\headers</Filter>
    </ClInclude>
    <ClInclude Include="src\d3d12gpu.h">
      <Filter>D3D12Gpu\headers</Filter>
    </ClInclude>
    <ClInclude Include="src\d3d12gpu_sync.h">
      <Filter>D3D12Gpu\headers</Filter>
    </ClInclude>
    <ClInclude Include="src\d3d12swapchain.h">
      <Filter>D3D12Gpu\headers</Filter>
    </ClInclude>
    <ClInclude Include="src\d3d12utils.h">
      <Filter>D3D12Gpu\headers</Filter>
    </ClInclude>
    <ClInclude Include="src\d3d12descriptorheap.h">
      <Filter>D3D12Gpu\headers</Filter>
    </ClInclude>
    <ClInclude Include="src\d3d12basicsengine.h">
      <Filter>BasicsEngine\headers</Filter>
    </ClInclude>
    <ClInclude Include="src\d3d12basicsfwd.h">
      <Filter>BasicsEngine\headers</Filter>
    </ClInclude>
    <ClInclude Include="src\d3d12imgui.h">
      <Filter>BasicsEngine\headers</Filter>
    </ClInclude>
    <ClInclude Include="src\d3d12scenerender.h">
      <Filter>BasicsEngine\headers</Filter>
    </ClInclude>
    <ClInclude Include="src\meshgenerator.h">
      <Filter>BasicsEngine\headers</Filter>
    </ClInclude>
    <ClInclude Include="src\scene.h">
      <Filter>BasicsEngine\headers</Filter>
    </ClInclude>
    <ClInclude Include="src\utils.h">
      <Filter>BasicsEngine\headers</Filter>
    </ClInclude>
    <ClInclude Include="src\filemonitor.h">
      <Filter>BasicsEngine\headers</Filter>
    </ClInclude>
    <ClInclude Include="src\d3d12pipelinestate.h">
      <Filter>D3D12Gpu\headers</Filter>
    </ClInclude>
    <ClInclude Include="src\d3d12committedresources.h">
      <Filter>D3D12Gpu\headers</Filter>
    </ClInclude>
    <ClInclude Include="thirdparty\enkiTS\src\TaskScheduler.h">
      <Filter>Thirdparty\enkiTS\src</Filter>
    </ClInclude>
    <ClInclude Include="thirdparty\enkiTS\src\LockLessMultiReadPipe.h">
      <Filter>Thirdparty\enkiTS\src</Filter>
    </ClInclude>
    <ClInclude Include="thirdparty\enkiTS\example\Timer.h">
      <Filter>Thirdparty\enkiTS\examples</Filter>
    </ClInclude>
  </ItemGroup>
</Project>